<?xml version="1.0" encoding="utf-8"?>
<Project ToolsVersion="4.0" xmlns="http://schemas.microsoft.com/developer/msbuild/2003">
  <ItemGroup>
    <ClCompile Include="src\Vector3.cpp">
      <Filter>Source</Filter>
    </ClCompile>
    <ClCompile Include="src\Main.cpp">
      <Filter>Source</Filter>
    </ClCompile>
  </ItemGroup>
  <ItemGroup>
    <None Include="ReadMe.txt" />
  </ItemGroup>
  <ItemGroup>
    <Filter Include="Headers">
      <UniqueIdentifier>{70e7e40f-0261-40e3-85ff-932bbd7d2bd8}</UniqueIdentifier>
    </Filter>
    <Filter Include="Source">
      <UniqueIdentifier>{8c5b6683-83be-4636-872e-67fed5a7206e}</UniqueIdentifier>
    </Filter>
  </ItemGroup>
  <ItemGroup>
    <ClInclude Include="src\4x4_Matrix.h">
      <Filter>Headers</Filter>
    </ClInclude>
    <ClInclude Include="src\MathStuff.h">
      <Filter>Headers</Filter>
    </ClInclude>
    <ClInclude Include="src\Vector3.h">
      <Filter>Headers</Filter>
    </ClInclude>
  </ItemGroup>
</Project>